// !$*UTF8*$!
{
	archiveVersion = 1;
	classes = {
	};
	objectVersion = 56;
	objects = {

/* Begin PBXBuildFile section */
		B1C234002A2F39ED00B76DB3 /* AppDelegate.swift in Sources */ = {isa = PBXBuildFile; fileRef = B1C233FF2A2F39ED00B76DB3 /* AppDelegate.swift */; };
		B1C234022A2F39ED00B76DB3 /* SceneDelegate.swift in Sources */ = {isa = PBXBuildFile; fileRef = B1C234012A2F39ED00B76DB3 /* SceneDelegate.swift */; };
		B1C234042A2F39ED00B76DB3 /* ViewController.swift in Sources */ = {isa = PBXBuildFile; fileRef = B1C234032A2F39ED00B76DB3 /* ViewController.swift */; };
		B1C234072A2F39ED00B76DB3 /* Main.storyboard in Resources */ = {isa = PBXBuildFile; fileRef = B1C234052A2F39ED00B76DB3 /* Main.storyboard */; };
		B1C2340A2A2F39ED00B76DB3 /* ItunesSearchApp.xcdatamodeld in Sources */ = {isa = PBXBuildFile; fileRef = B1C234082A2F39ED00B76DB3 /* ItunesSearchApp.xcdatamodeld */; };
		B1C2340C2A2F39EE00B76DB3 /* Assets.xcassets in Resources */ = {isa = PBXBuildFile; fileRef = B1C2340B2A2F39EE00B76DB3 /* Assets.xcassets */; };
		B1C2340F2A2F39EE00B76DB3 /* LaunchScreen.storyboard in Resources */ = {isa = PBXBuildFile; fileRef = B1C2340D2A2F39EE00B76DB3 /* LaunchScreen.storyboard */; };
		B1F367B92A323051000B9732 /* DetailViewController.swift in Sources */ = {isa = PBXBuildFile; fileRef = B1F367B82A323051000B9732 /* DetailViewController.swift */; };
/* End PBXBuildFile section */

/* Begin PBXFileReference section */
		B1C233FC2A2F39ED00B76DB3 /* ItunesSearchApp.app */ = {isa = PBXFileReference; explicitFileType = wrapper.application; includeInIndex = 0; path = ItunesSearchApp.app; sourceTree = BUILT_PRODUCTS_DIR; };
		B1C233FF2A2F39ED00B76DB3 /* AppDelegate.swift */ = {isa = PBXFileReference; lastKnownFileType = sourcecode.swift; path = AppDelegate.swift; sourceTree = "<group>"; };
		B1C234012A2F39ED00B76DB3 /* SceneDelegate.swift */ = {isa = PBXFileReference; lastKnownFileType = sourcecode.swift; path = SceneDelegate.swift; sourceTree = "<group>"; };
		B1C234032A2F39ED00B76DB3 /* ViewController.swift */ = {isa = PBXFileReference; lastKnownFileType = sourcecode.swift; path = ViewController.swift; sourceTree = "<group>"; };
		B1C234062A2F39ED00B76DB3 /* Base */ = {isa = PBXFileReference; lastKnownFileType = file.storyboard; name = Base; path = Base.lproj/Main.storyboard; sourceTree = "<group>"; };
		B1C234092A2F39ED00B76DB3 /* ItunesSearchApp.xcdatamodel */ = {isa = PBXFileReference; lastKnownFileType = wrapper.xcdatamodel; path = ItunesSearchApp.xcdatamodel; sourceTree = "<group>"; };
		B1C2340B2A2F39EE00B76DB3 /* Assets.xcassets */ = {isa = PBXFileReference; lastKnownFileType = folder.assetcatalog; path = Assets.xcassets; sourceTree = "<group>"; };
		B1C2340E2A2F39EE00B76DB3 /* Base */ = {isa = PBXFileReference; lastKnownFileType = file.storyboard; name = Base; path = Base.lproj/LaunchScreen.storyboard; sourceTree = "<group>"; };
		B1C234102A2F39EE00B76DB3 /* Info.plist */ = {isa = PBXFileReference; lastKnownFileType = text.plist.xml; path = Info.plist; sourceTree = "<group>"; };
		B1F367B82A323051000B9732 /* DetailViewController.swift */ = {isa = PBXFileReference; lastKnownFileType = sourcecode.swift; path = DetailViewController.swift; sourceTree = "<group>"; };
/* End PBXFileReference section */

/* Begin PBXFrameworksBuildPhase section */
		B1C233F92A2F39ED00B76DB3 /* Frameworks */ = {
			isa = PBXFrameworksBuildPhase;
			buildActionMask = 2147483647;
			files = (
			);
			runOnlyForDeploymentPostprocessing = 0;
		};
/* End PBXFrameworksBuildPhase section */

/* Begin PBXGroup section */
		B1C233F32A2F39ED00B76DB3 = {
			isa = PBXGroup;
			children = (
				B1C233FE2A2F39ED00B76DB3 /* ItunesSearchApp */,
				B1C233FD2A2F39ED00B76DB3 /* Products */,
			);
			sourceTree = "<group>";
		};
		B1C233FD2A2F39ED00B76DB3 /* Products */ = {
			isa = PBXGroup;
			children = (
				B1C233FC2A2F39ED00B76DB3 /* ItunesSearchApp.app */,
			);
			name = Products;
			sourceTree = "<group>";
		};
		B1C233FE2A2F39ED00B76DB3 /* ItunesSearchApp */ = {
			isa = PBXGroup;
			children = (
				B1C233FF2A2F39ED00B76DB3 /* AppDelegate.swift */,
				B1C234012A2F39ED00B76DB3 /* SceneDelegate.swift */,
				B1C234032A2F39ED00B76DB3 /* ViewController.swift */,
				B1F367B82A323051000B9732 /* DetailViewController.swift */,
				B1C234052A2F39ED00B76DB3 /* Main.storyboard */,
				B1C2340B2A2F39EE00B76DB3 /* Assets.xcassets */,
				B1C2340D2A2F39EE00B76DB3 /* LaunchScreen.storyboard */,
				B1C234102A2F39EE00B76DB3 /* Info.plist */,
				B1C234082A2F39ED00B76DB3 /* ItunesSearchApp.xcdatamodeld */,
			);
			path = ItunesSearchApp;
			sourceTree = "<group>";
		};
/* End PBXGroup section */

/* Begin PBXNativeTarget section */
		B1C233FB2A2F39ED00B76DB3 /* ItunesSearchApp */ = {
			isa = PBXNativeTarget;
			buildConfigurationList = B1C234132A2F39EE00B76DB3 /* Build configuration list for PBXNativeTarget "ItunesSearchApp" */;
			buildPhases = (
				B1C233F82A2F39ED00B76DB3 /* Sources */,
				B1C233F92A2F39ED00B76DB3 /* Frameworks */,
				B1C233FA2A2F39ED00B76DB3 /* Resources */,
			);
			buildRules = (
			);
			dependencies = (
			);
			name = ItunesSearchApp;
			productName = ItunesSearchApp;
			productReference = B1C233FC2A2F39ED00B76DB3 /* ItunesSearchApp.app */;
			productType = "com.apple.product-type.application";
		};
/* End PBXNativeTarget section */

/* Begin PBXProject section */
		B1C233F42A2F39ED00B76DB3 /* Project object */ = {
			isa = PBXProject;
			attributes = {
				BuildIndependentTargetsInParallel = 1;
				LastSwiftUpdateCheck = 1430;
				LastUpgradeCheck = 1430;
				TargetAttributes = {
					B1C233FB2A2F39ED00B76DB3 = {
						CreatedOnToolsVersion = 14.3;
					};
				};
			};
			buildConfigurationList = B1C233F72A2F39ED00B76DB3 /* Build configuration list for PBXProject "ItunesSearchApp" */;
			compatibilityVersion = "Xcode 14.0";
			developmentRegion = en;
			hasScannedForEncodings = 0;
			knownRegions = (
				en,
				Base,
			);
			mainGroup = B1C233F32A2F39ED00B76DB3;
			productRefGroup = B1C233FD2A2F39ED00B76DB3 /* Products */;
			projectDirPath = "";
			projectRoot = "";
			targets = (
				B1C233FB2A2F39ED00B76DB3 /* ItunesSearchApp */,
			);
		};
/* End PBXProject section */

/* Begin PBXResourcesBuildPhase section */
		B1C233FA2A2F39ED00B76DB3 /* Resources */ = {
			isa = PBXResourcesBuildPhase;
			buildActionMask = 2147483647;
			files = (
				B1C2340F2A2F39EE00B76DB3 /* LaunchScreen.storyboard in Resources */,
				B1C2340C2A2F39EE00B76DB3 /* Assets.xcassets in Resources */,
				B1C234072A2F39ED00B76DB3 /* Main.storyboard in Resources */,
			);
			runOnlyForDeploymentPostprocessing = 0;
		};
/* End PBXResourcesBuildPhase section */

/* Begin PBXSourcesBuildPhase section */
		B1C233F82A2F39ED00B76DB3 /* Sources */ = {
			isa = PBXSourcesBuildPhase;
			buildActionMask = 2147483647;
			files = (
				B1C234042A2F39ED00B76DB3 /* ViewController.swift in Sources */,
				B1C234002A2F39ED00B76DB3 /* AppDelegate.swift in Sources */,
				B1F367B92A323051000B9732 /* DetailViewController.swift in Sources */,
				B1C234022A2F39ED00B76DB3 /* SceneDelegate.swift in Sources */,
				B1C2340A2A2F39ED00B76DB3 /* ItunesSearchApp.xcdatamodeld in Sources */,
			);
			runOnlyForDeploymentPostprocessing = 0;
		};
/* End PBXSourcesBuildPhase section */

/* Begin PBXVariantGroup section */
		B1C234052A2F39ED00B76DB3 /* Main.storyboard */ = {
			isa = PBXVariantGroup;
			children = (
				B1C234062A2F39ED00B76DB3 /* Base */,
			);
			name = Main.storyboard;
			sourceTree = "<group>";
		};
		B1C2340D2A2F39EE00B76DB3 /* LaunchScreen.storyboard */ = {
			isa = PBXVariantGroup;
			children = (
				B1C2340E2A2F39EE00B76DB3 /* Base */,
			);
			name = LaunchScreen.storyboard;
			sourceTree = "<group>";
		};
/* End PBXVariantGroup section */

/* Begin XCBuildConfiguration section */
		B1C234112A2F39EE00B76DB3 /* Debug */ = {
			isa = XCBuildConfiguration;
			buildSettings = {
				ALWAYS_SEARCH_USER_PATHS = NO;
				CLANG_ANALYZER_NONNULL = YES;
				CLANG_ANALYZER_NUMBER_OBJECT_CONVERSION = YES_AGGRESSIVE;
				CLANG_CXX_LANGUAGE_STANDARD = "gnu++20";
				CLANG_ENABLE_MODULES = YES;
				CLANG_ENABLE_OBJC_ARC = YES;
				CLANG_ENABLE_OBJC_WEAK = YES;
				CLANG_WARN_BLOCK_CAPTURE_AUTORELEASING = YES;
				CLANG_WARN_BOOL_CONVERSION = YES;
				CLANG_WARN_COMMA = YES;
				CLANG_WARN_CONSTANT_CONVERSION = YES;
				CLANG_WARN_DEPRECATED_OBJC_IMPLEMENTATIONS = YES;
				CLANG_WARN_DIRECT_OBJC_ISA_USAGE = YES_ERROR;
				CLANG_WARN_DOCUMENTATION_COMMENTS = YES;
				CLANG_WARN_EMPTY_BODY = YES;
				CLANG_WARN_ENUM_CONVERSION = YES;
				CLANG_WARN_INFINITE_RECURSION = YES;
				CLANG_WARN_INT_CONVERSION = YES;
				CLANG_WARN_NON_LITERAL_NULL_CONVERSION = YES;
				CLANG_WARN_OBJC_IMPLICIT_RETAIN_SELF = YES;
				CLANG_WARN_OBJC_LITERAL_CONVERSION = YES;
				CLANG_WARN_OBJC_ROOT_CLASS = YES_ERROR;
				CLANG_WARN_QUOTED_INCLUDE_IN_FRAMEWORK_HEADER = YES;
				CLANG_WARN_RANGE_LOOP_ANALYSIS = YES;
				CLANG_WARN_STRICT_PROTOTYPES = YES;
				CLANG_WARN_SUSPICIOUS_MOVE = YES;
				CLANG_WARN_UNGUARDED_AVAILABILITY = YES_AGGRESSIVE;
				CLANG_WARN_UNREACHABLE_CODE = YES;
				CLANG_WARN__DUPLICATE_METHOD_MATCH = YES;
				COPY_PHASE_STRIP = NO;
				DEBUG_INFORMATION_FORMAT = dwarf;
				ENABLE_STRICT_OBJC_MSGSEND = YES;
				ENABLE_TESTABILITY = YES;
				GCC_C_LANGUAGE_STANDARD = gnu11;
				GCC_DYNAMIC_NO_PIC = NO;
				GCC_NO_COMMON_BLOCKS = YES;
				GCC_OPTIMIZATION_LEVEL = 0;
				GCC_PREPROCESSOR_DEFINITIONS = (
					"DEBUG=1",
					"$(inherited)",
				);
				GCC_WARN_64_TO_32_BIT_CONVERSION = YES;
				GCC_WARN_ABOUT_RETURN_TYPE = YES_ERROR;
				GCC_WARN_UNDECLARED_SELECTOR = YES;
				GCC_WARN_UNINITIALIZED_AUTOS = YES_AGGRESSIVE;
				GCC_WARN_UNUSED_FUNCTION = YES;
				GCC_WARN_UNUSED_VARIABLE = YES;
				IPHONEOS_DEPLOYMENT_TARGET = 16.4;
				MTL_ENABLE_DEBUG_INFO = INCLUDE_SOURCE;
				MTL_FAST_MATH = YES;
				ONLY_ACTIVE_ARCH = YES;
				SDKROOT = iphoneos;
				SWIFT_ACTIVE_COMPILATION_CONDITIONS = DEBUG;
				SWIFT_OPTIMIZATION_LEVEL = "-Onone";
			};
			name = Debug;
		};
		B1C234122A2F39EE00B76DB3 /* Release */ = {
			isa = XCBuildConfiguration;
			buildSettings = {
				ALWAYS_SEARCH_USER_PATHS = NO;
				CLANG_ANALYZER_NONNULL = YES;
				CLANG_ANALYZER_NUMBER_OBJECT_CONVERSION = YES_AGGRESSIVE;
				CLANG_CXX_LANGUAGE_STANDARD = "gnu++20";
				CLANG_ENABLE_MODULES = YES;
				CLANG_ENABLE_OBJC_ARC = YES;
				CLANG_ENABLE_OBJC_WEAK = YES;
				CLANG_WARN_BLOCK_CAPTURE_AUTORELEASING = YES;
				CLANG_WARN_BOOL_CONVERSION = YES;
				CLANG_WARN_COMMA = YES;
				CLANG_WARN_CONSTANT_CONVERSION = YES;
				CLANG_WARN_DEPRECATED_OBJC_IMPLEMENTATIONS = YES;
				CLANG_WARN_DIRECT_OBJC_ISA_USAGE = YES_ERROR;
				CLANG_WARN_DOCUMENTATION_COMMENTS = YES;
				CLANG_WARN_EMPTY_BODY = YES;
				CLANG_WARN_ENUM_CONVERSION = YES;
				CLANG_WARN_INFINITE_RECURSION = YES;
				CLANG_WARN_INT_CONVERSION = YES;
				CLANG_WARN_NON_LITERAL_NULL_CONVERSION = YES;
				CLANG_WARN_OBJC_IMPLICIT_RETAIN_SELF = YES;
				CLANG_WARN_OBJC_LITERAL_CONVERSION = YES;
				CLANG_WARN_OBJC_ROOT_CLASS = YES_ERROR;
				CLANG_WARN_QUOTED_INCLUDE_IN_FRAMEWORK_HEADER = YES;
				CLANG_WARN_RANGE_LOOP_ANALYSIS = YES;
				CLANG_WARN_STRICT_PROTOTYPES = YES;
				CLANG_WARN_SUSPICIOUS_MOVE = YES;
				CLANG_WARN_UNGUARDED_AVAILABILITY = YES_AGGRESSIVE;
				CLANG_WARN_UNREACHABLE_CODE = YES;
				CLANG_WARN__DUPLICATE_METHOD_MATCH = YES;
				COPY_PHASE_STRIP = NO;
				DEBUG_INFORMATION_FORMAT = "dwarf-with-dsym";
				ENABLE_NS_ASSERTIONS = NO;
				ENABLE_STRICT_OBJC_MSGSEND = YES;
				GCC_C_LANGUAGE_STANDARD = gnu11;
				GCC_NO_COMMON_BLOCKS = YES;
				GCC_WARN_64_TO_32_BIT_CONVERSION = YES;
				GCC_WARN_ABOUT_RETURN_TYPE = YES_ERROR;
				GCC_WARN_UNDECLARED_SELECTOR = YES;
				GCC_WARN_UNINITIALIZED_AUTOS = YES_AGGRESSIVE;
				GCC_WARN_UNUSED_FUNCTION = YES;
				GCC_WARN_UNUSED_VARIABLE = YES;
				IPHONEOS_DEPLOYMENT_TARGET = 16.4;
				MTL_ENABLE_DEBUG_INFO = NO;
				MTL_FAST_MATH = YES;
				SDKROOT = iphoneos;
				SWIFT_COMPILATION_MODE = wholemodule;
				SWIFT_OPTIMIZATION_LEVEL = "-O";
				VALIDATE_PRODUCT = YES;
			};
			name = Release;
		};
		B1C234142A2F39EE00B76DB3 /* Debug */ = {
			isa = XCBuildConfiguration;
			buildSettings = {
				ASSETCATALOG_COMPILER_APPICON_NAME = AppIcon;
				ASSETCATALOG_COMPILER_GLOBAL_ACCENT_COLOR_NAME = AccentColor;
				CODE_SIGN_STYLE = Automatic;
				CURRENT_PROJECT_VERSION = 1;
				DEVELOPMENT_TEAM = TF48UQ5NV2;
				GENERATE_INFOPLIST_FILE = YES;
				INFOPLIST_FILE = ItunesSearchApp/Info.plist;
				INFOPLIST_KEY_UIApplicationSupportsIndirectInputEvents = YES;
				INFOPLIST_KEY_UILaunchStoryboardName = LaunchScreen;
				INFOPLIST_KEY_UIMainStoryboardFile = Main;
				INFOPLIST_KEY_UISupportedInterfaceOrientations_iPad = "UIInterfaceOrientationPortrait UIInterfaceOrientationPortraitUpsideDown UIInterfaceOrientationLandscapeLeft UIInterfaceOrientationLandscapeRight";
				INFOPLIST_KEY_UISupportedInterfaceOrientations_iPhone = "UIInterfaceOrientationPortrait UIInterfaceOrientationLandscapeLeft UIInterfaceOrientationLandscapeRight";
				LD_RUNPATH_SEARCH_PATHS = (
					"$(inherited)",
					"@executable_path/Frameworks",
				);
				MARKETING_VERSION = 1.0;
				PRODUCT_BUNDLE_IDENTIFIER = com.emrahzorlu.ItunesSearchApp;
				PRODUCT_NAME = "$(TARGET_NAME)";
				SWIFT_EMIT_LOC_STRINGS = YES;
				SWIFT_VERSION = 5.0;
				TARGETED_DEVICE_FAMILY = "1,2";
			};
			name = Debug;
		};
		B1C234152A2F39EE00B76DB3 /* Release */ = {
			isa = XCBuildConfiguration;
			buildSettings = {
				ASSETCATALOG_COMPILER_APPICON_NAME = AppIcon;
				ASSETCATALOG_COMPILER_GLOBAL_ACCENT_COLOR_NAME = AccentColor;
				CODE_SIGN_STYLE = Automatic;
				CURRENT_PROJECT_VERSION = 1;
				DEVELOPMENT_TEAM = TF48UQ5NV2;
				GENERATE_INFOPLIST_FILE = YES;
				INFOPLIST_FILE = ItunesSearchApp/Info.plist;
				INFOPLIST_KEY_UIApplicationSupportsIndirectInputEvents = YES;
				INFOPLIST_KEY_UILaunchStoryboardName = LaunchScreen;
				INFOPLIST_KEY_UIMainStoryboardFile = Main;
				INFOPLIST_KEY_UISupportedInterfaceOrientations_iPad = "UIInterfaceOrientationPortrait UIInterfaceOrientationPortraitUpsideDown UIInterfaceOrientationLandscapeLeft UIInterfaceOrientationLandscapeRight";
				INFOPLIST_KEY_UISupportedInterfaceOrientations_iPhone = "UIInterfaceOrientationPortrait UIInterfaceOrientationLandscapeLeft UIInterfaceOrientationLandscapeRight";
				LD_RUNPATH_SEARCH_PATHS = (
					"$(inherited)",
					"@executable_path/Frameworks",
				);
				MARKETING_VERSION = 1.0;
				PRODUCT_BUNDLE_IDENTIFIER = com.emrahzorlu.ItunesSearchApp;
				PRODUCT_NAME = "$(TARGET_NAME)";
				SWIFT_EMIT_LOC_STRINGS = YES;
				SWIFT_VERSION = 5.0;
				TARGETED_DEVICE_FAMILY = "1,2";
			};
			name = Release;
		};
/* End XCBuildConfiguration section */

/* Begin XCConfigurationList section */
		B1C233F72A2F39ED00B76DB3 /* Build configuration list for PBXProject "ItunesSearchApp" */ = {
			isa = XCConfigurationList;
			buildConfigurations = (
				B1C234112A2F39EE00B76DB3 /* Debug */,
				B1C234122A2F39EE00B76DB3 /* Release */,
			);
			defaultConfigurationIsVisible = 0;
			defaultConfigurationName = Release;
		};
		B1C234132A2F39EE00B76DB3 /* Build configuration list for PBXNativeTarget "ItunesSearchApp" */ = {
			isa = XCConfigurationList;
			buildConfigurations = (
				B1C234142A2F39EE00B76DB3 /* Debug */,
				B1C234152A2F39EE00B76DB3 /* Release */,
			);
			defaultConfigurationIsVisible = 0;
			defaultConfigurationName = Release;
		};
/* End XCConfigurationList section */

/* Begin XCVersionGroup section */
		B1C234082A2F39ED00B76DB3 /* ItunesSearchApp.xcdatamodeld */ = {
			isa = XCVersionGroup;
			children = (
				B1C234092A2F39ED00B76DB3 /* ItunesSearchApp.xcdatamodel */,
			);
			currentVersion = B1C234092A2F39ED00B76DB3 /* ItunesSearchApp.xcdatamodel */;
			path = ItunesSearchApp.xcdatamodeld;
			sourceTree = "<group>";
			versionGroupType = wrapper.xcdatamodel;
		};
/* End XCVersionGroup section */
	};
	rootObject = B1C233F42A2F39ED00B76DB3 /* Project object */;
}
